
Microsoft Visual Studio Solution File, Format Version 12.00
# Visual Studio 15
VisualStudioVersion = 15.0.27130.2010
MinimumVisualStudioVersion = 10.0.40219.1
Project("{FAE04EC0-301F-11D3-BF4B-00C04F79EFBC}") = "ODataCoreConsoleApp", "ODataCoreConsoleApp\ODataCoreConsoleApp.csproj", "{1CD963EB-69A3-4107-8DA1-682F9682DEB4}"
EndProject
Global
	GlobalSection(SolutionConfigurationPlatforms) = preSolution
		Debug|Any CPU = Debug|Any CPU
		Release|Any CPU = Release|Any CPU
	EndGlobalSection
	GlobalSection(ProjectConfigurationPlatforms) = postSolution
		{1CD963EB-69A3-4107-8DA1-682F9682DEB4}.Debug|Any CPU.ActiveCfg = Debug|Any CPU
		{1CD963EB-69A3-4107-8DA1-682F9682DEB4}.Debug|Any CPU.Build.0 = Debug|Any CPU
		{1CD963EB-69A3-4107-8DA1-682F9682DEB4}.Release|Any CPU.ActiveCfg = Release|Any CPU
		{1CD963EB-69A3-4107-8DA1-682F9682DEB4}.Release|Any CPU.Build.0 = Release|Any CPU
	EndGlobalSection
	GlobalSection(SolutionProperties) = preSolution
		HideSolutionNode = FALSE
	EndGlobalSection
	GlobalSection(ExtensibilityGlobals) = postSolution
		SolutionGuid = {0B9CA811-5649-4A59-9E32-0AEB35C0028E}
	EndGlobalSection
EndGlobal
